// !$*UTF8*$!
{
	archiveVersion = 1;
	classes = {
	};
	objectVersion = 56;
	objects = {

/* Begin PBXBuildFile section */
		2931C44C2C8BE2BE0074F55D /* TheShyDockApp.swift in Sources */ = {isa = PBXBuildFile; fileRef = 2931C44B2C8BE2BE0074F55D /* TheShyDockApp.swift */; };
		2931C4502C8BE2C00074F55D /* Assets.xcassets in Resources */ = {isa = PBXBuildFile; fileRef = 2931C44F2C8BE2C00074F55D /* Assets.xcassets */; };
		2931C4532C8BE2C00074F55D /* Preview Assets.xcassets in Resources */ = {isa = PBXBuildFile; fileRef = 2931C4522C8BE2C00074F55D /* Preview Assets.xcassets */; };
		2931C45B2C8C3B0F0074F55D /* Dock.swift in Sources */ = {isa = PBXBuildFile; fileRef = 2931C45A2C8C3B0F0074F55D /* Dock.swift */; };
		2931C45E2C8C3B0F0074F560 /* MenuBarManager.swift in Sources */ = {isa = PBXBuildFile; fileRef = 2931C45C2C8C3B0F0074F55E /* MenuBarManager.swift */; };
		2931C45H2C8C3B0F0074F562 /* SettingsWindow.swift in Sources */ = {isa = PBXBuildFile; fileRef = 2931C45G2C8C3B0F0074F560 /* SettingsWindow.swift */; };
		2931C45I2C8C3B0F0074F562 /* The Shy Dock/Utils/Constants.swift in Sources */ = {isa = PBXBuildFile; fileRef = 2931C45H2C8C3B0F0074F561 /* The Shy Dock/Utils/Constants.swift */; };
/* End PBXBuildFile section */

/* Begin PBXFileReference section */
		291822A72CD0B7420066F289 /* Info.plist */ = {isa = PBXFileReference; lastKnownFileType = text.plist.xml; path = Info.plist; sourceTree = "<group>"; };
		2931C4482C8BE2BE0074F55D /* The Shy Dock.app */ = {isa = PBXFileReference; explicitFileType = wrapper.application; includeInIndex = 0; path = "The Shy Dock.app"; sourceTree = BUILT_PRODUCTS_DIR; };
		2931C44B2C8BE2BE0074F55D /* TheShyDockApp.swift */ = {isa = PBXFileReference; lastKnownFileType = sourcecode.swift; path = TheShyDockApp.swift; sourceTree = "<group>"; };
		2931C44F2C8BE2C00074F55D /* Assets.xcassets */ = {isa = PBXFileReference; lastKnownFileType = folder.assetcatalog; path = Assets.xcassets; sourceTree = "<group>"; };
		2931C4522C8BE2C00074F55D /* Preview Assets.xcassets */ = {isa = PBXFileReference; lastKnownFileType = folder.assetcatalog; path = "Preview Assets.xcassets"; sourceTree = "<group>"; };
		2931C4542C8BE2C00074F55D /* The Shy Dock.entitlements */ = {isa = PBXFileReference; lastKnownFileType = text.plist.entitlements; path = "The Shy Dock.entitlements"; sourceTree = "<group>"; };
		2931C45A2C8C3B0F0074F55D /* Dock.swift */ = {isa = PBXFileReference; lastKnownFileType = sourcecode.swift; name = Dock.swift; path = Utils/Dock.swift; sourceTree = "<group>"; };
		2931C45C2C8C3B0F0074F55E /* MenuBarManager.swift */ = {isa = PBXFileReference; lastKnownFileType = sourcecode.swift; name = MenuBarManager.swift; path = Utils/MenuBarManager.swift; sourceTree = "<group>"; };
		2931C45G2C8C3B0F0074F560 /* SettingsWindow.swift */ = {isa = PBXFileReference; lastKnownFileType = sourcecode.swift; name = SettingsWindow.swift; path = Utils/SettingsWindow.swift; sourceTree = "<group>"; };
		2931C45H2C8C3B0F0074F561 /* The Shy Dock/Utils/Constants.swift */ = {isa = PBXFileReference; lastKnownFileType = sourcecode.swift; path = "The Shy Dock/Utils/Constants.swift"; sourceTree = "<group>"; };
		29D9C1732E1F654800CC366F /* TheShyDoc.icon */ = {isa = PBXFileReference; lastKnownFileType = wrapper; name = TheShyDoc.icon; path = ../../../Documents/TheShyDoc.icon; sourceTree = "<group>"; };
/* End PBXFileReference section */

/* Begin PBXFrameworksBuildPhase section */
		2931C4452C8BE2BE0074F55D /* Frameworks */ = {
			isa = PBXFrameworksBuildPhase;
			buildActionMask = 2147483647;
			files = (
			);
			runOnlyForDeploymentPostprocessing = 0;
		};
/* End PBXFrameworksBuildPhase section */

/* Begin PBXGroup section */
		2931C43F2C8BE2BE0074F55D = {
			isa = PBXGroup;
			children = (
				2931C44A2C8BE2BE0074F55D /* The Shy Dock */,
				2931C4492C8BE2BE0074F55D /* Products */,
				29D9C1712E1111F500CC366F /* Recovered References */,
				29D9C1722E1F654800CC366F /* Frameworks */,
			);
			sourceTree = "<group>";
		};
		2931C4492C8BE2BE0074F55D /* Products */ = {
			isa = PBXGroup;
			children = (
				2931C4482C8BE2BE0074F55D /* The Shy Dock.app */,
			);
			name = Products;
			sourceTree = "<group>";
		};
		2931C44A2C8BE2BE0074F55D /* The Shy Dock */ = {
			isa = PBXGroup;
			children = (
				291822A72CD0B7420066F289 /* Info.plist */,
				2931C44B2C8BE2BE0074F55D /* TheShyDockApp.swift */,
				2931C45A2C8C3B0F0074F55D /* Dock.swift */,
				2931C45C2C8C3B0F0074F55E /* MenuBarManager.swift */,
				2931C45G2C8C3B0F0074F560 /* SettingsWindow.swift */,
				2931C44F2C8BE2C00074F55D /* Assets.xcassets */,
				2931C4542C8BE2C00074F55D /* The Shy Dock.entitlements */,
				2931C4512C8BE2C00074F55D /* Preview Content */,
			);
			path = "The Shy Dock";
			sourceTree = "<group>";
		};
		2931C4512C8BE2C00074F55D /* Preview Content */ = {
			isa = PBXGroup;
			children = (
				2931C4522C8BE2C00074F55D /* Preview Assets.xcassets */,
			);
			path = "Preview Content";
			sourceTree = "<group>";
		};
		29D9C1712E1111F500CC366F /* Recovered References */ = {
			isa = PBXGroup;
			children = (
				2931C45H2C8C3B0F0074F561 /* The Shy Dock/Utils/Constants.swift */,
			);
			name = "Recovered References";
			sourceTree = "<group>";
		};
		29D9C1722E1F654800CC366F /* Frameworks */ = {
			isa = PBXGroup;
			children = (
				29D9C1732E1F654800CC366F /* TheShyDoc.icon */,
			);
			name = Frameworks;
			sourceTree = "<group>";
		};
/* End PBXGroup section */

/* Begin PBXNativeTarget section */
		2931C4472C8BE2BE0074F55D /* The Shy Dock */ = {
			isa = PBXNativeTarget;
			buildConfigurationList = 2931C4572C8BE2C00074F55D /* Build configuration list for PBXNativeTarget "The Shy Dock" */;
			buildPhases = (
				2931C4442C8BE2BE0074F55D /* Sources */,
				2931C4452C8BE2BE0074F55D /* Frameworks */,
				2931C4462C8BE2BE0074F55D /* Resources */,
			);
			buildRules = (
			);
			dependencies = (
			);
			name = "The Shy Dock";
			productName = "The Shy Dock";
			productReference = 2931C4482C8BE2BE0074F55D /* The Shy Dock.app */;
			productType = "com.apple.product-type.application";
		};
/* End PBXNativeTarget section */

/* Begin PBXProject section */
		2931C4402C8BE2BE0074F55D /* Project object */ = {
			isa = PBXProject;
			attributes = {
				BuildIndependentTargetsInParallel = 1;
				LastSwiftUpdateCheck = 1540;
				LastUpgradeCheck = 2620;
				TargetAttributes = {
					2931C4472C8BE2BE0074F55D = {
						CreatedOnToolsVersion = 15.4;
					};
				};
			};
			buildConfigurationList = 2931C4432C8BE2BE0074F55D /* Build configuration list for PBXProject "The Shy Dock" */;
			compatibilityVersion = "Xcode 14.0";
			developmentRegion = en;
			hasScannedForEncodings = 0;
			knownRegions = (
				en,
				Base,
			);
			mainGroup = 2931C43F2C8BE2BE0074F55D;
			productRefGroup = 2931C4492C8BE2BE0074F55D /* Products */;
			projectDirPath = "";
			projectRoot = "";
			targets = (
				2931C4472C8BE2BE0074F55D /* The Shy Dock */,
			);
		};
/* End PBXProject section */

/* Begin PBXResourcesBuildPhase section */
		2931C4462C8BE2BE0074F55D /* Resources */ = {
			isa = PBXResourcesBuildPhase;
			buildActionMask = 2147483647;
			files = (
				2931C4532C8BE2C00074F55D /* Preview Assets.xcassets in Resources */,
				2931C4502C8BE2C00074F55D /* Assets.xcassets in Resources */,
			);
			runOnlyForDeploymentPostprocessing = 0;
		};
/* End PBXResourcesBuildPhase section */

/* Begin PBXSourcesBuildPhase section */
		2931C4442C8BE2BE0074F55D /* Sources */ = {
			isa = PBXSourcesBuildPhase;
			buildActionMask = 2147483647;
			files = (
				2931C45B2C8C3B0F0074F55D /* Dock.swift in Sources */,
				2931C45E2C8C3B0F0074F560 /* MenuBarManager.swift in Sources */,
				2931C45H2C8C3B0F0074F562 /* SettingsWindow.swift in Sources */,
				2931C45I2C8C3B0F0074F562 /* The Shy Dock/Utils/Constants.swift in Sources */,
				2931C44C2C8BE2BE0074F55D /* TheShyDockApp.swift in Sources */,
			);
			runOnlyForDeploymentPostprocessing = 0;
		};
/* End PBXSourcesBuildPhase section */

/* Begin XCBuildConfiguration section */
		2931C4552C8BE2C00074F55D /* Debug */ = {
			isa = XCBuildConfiguration;
			buildSettings = {
				ALWAYS_SEARCH_USER_PATHS = NO;
				ASSETCATALOG_COMPILER_GENERATE_SWIFT_ASSET_SYMBOL_EXTENSIONS = YES;
				CLANG_ANALYZER_NONNULL = YES;
				CLANG_ANALYZER_NUMBER_OBJECT_CONVERSION = YES_AGGRESSIVE;
				CLANG_CXX_LANGUAGE_STANDARD = "gnu++20";
				CLANG_ENABLE_MODULES = YES;
				CLANG_ENABLE_OBJC_ARC = YES;
				CLANG_ENABLE_OBJC_WEAK = YES;
				CLANG_WARN_BLOCK_CAPTURE_AUTORELEASING = YES;
				CLANG_WARN_BOOL_CONVERSION = YES;
				CLANG_WARN_COMMA = YES;
				CLANG_WARN_CONSTANT_CONVERSION = YES;
				CLANG_WARN_DEPRECATED_OBJC_IMPLEMENTATIONS = YES;
				CLANG_WARN_DIRECT_OBJC_ISA_USAGE = YES_ERROR;
				CLANG_WARN_DOCUMENTATION_COMMENTS = YES;
				CLANG_WARN_EMPTY_BODY = YES;
				CLANG_WARN_ENUM_CONVERSION = YES;
				CLANG_WARN_INFINITE_RECURSION = YES;
				CLANG_WARN_INT_CONVERSION = YES;
				CLANG_WARN_NON_LITERAL_NULL_CONVERSION = YES;
				CLANG_WARN_OBJC_IMPLICIT_RETAIN_SELF = YES;
				CLANG_WARN_OBJC_LITERAL_CONVERSION = YES;
				CLANG_WARN_OBJC_ROOT_CLASS = YES_ERROR;
				CLANG_WARN_QUOTED_INCLUDE_IN_FRAMEWORK_HEADER = YES;
				CLANG_WARN_RANGE_LOOP_ANALYSIS = YES;
				CLANG_WARN_STRICT_PROTOTYPES = YES;
				CLANG_WARN_SUSPICIOUS_MOVE = YES;
				CLANG_WARN_UNGUARDED_AVAILABILITY = YES_AGGRESSIVE;
				CLANG_WARN_UNREACHABLE_CODE = YES;
				CLANG_WARN__DUPLICATE_METHOD_MATCH = YES;
				COPY_PHASE_STRIP = NO;
				DEAD_CODE_STRIPPING = YES;
				DEBUG_INFORMATION_FORMAT = dwarf;
				DEVELOPMENT_TEAM = LM44T82AHX;
				ENABLE_STRICT_OBJC_MSGSEND = YES;
				ENABLE_TESTABILITY = YES;
				ENABLE_USER_SCRIPT_SANDBOXING = YES;
				GCC_C_LANGUAGE_STANDARD = gnu17;
				GCC_DYNAMIC_NO_PIC = NO;
				GCC_NO_COMMON_BLOCKS = YES;
				GCC_OPTIMIZATION_LEVEL = 0;
				GCC_PREPROCESSOR_DEFINITIONS = (
					"DEBUG=1",
					"$(inherited)",
				);
				GCC_WARN_64_TO_32_BIT_CONVERSION = YES;
				GCC_WARN_ABOUT_RETURN_TYPE = YES_ERROR;
				GCC_WARN_UNDECLARED_SELECTOR = YES;
				GCC_WARN_UNINITIALIZED_AUTOS = YES_AGGRESSIVE;
				GCC_WARN_UNUSED_FUNCTION = YES;
				GCC_WARN_UNUSED_VARIABLE = YES;
				LOCALIZATION_PREFERS_STRING_CATALOGS = YES;
				MACOSX_DEPLOYMENT_TARGET = 14.5;
				MTL_ENABLE_DEBUG_INFO = INCLUDE_SOURCE;
				MTL_FAST_MATH = YES;
				ONLY_ACTIVE_ARCH = YES;
				SDKROOT = macosx;
				STRING_CATALOG_GENERATE_SYMBOLS = YES;
				SWIFT_ACTIVE_COMPILATION_CONDITIONS = "DEBUG $(inherited)";
				SWIFT_OPTIMIZATION_LEVEL = "-Onone";
			};
			name = Debug;
		};
		2931C4562C8BE2C00074F55D /* Release */ = {
			isa = XCBuildConfiguration;
			buildSettings = {
				ALWAYS_SEARCH_USER_PATHS = NO;
				ASSETCATALOG_COMPILER_GENERATE_SWIFT_ASSET_SYMBOL_EXTENSIONS = YES;
				CLANG_ANALYZER_NONNULL = YES;
				CLANG_ANALYZER_NUMBER_OBJECT_CONVERSION = YES_AGGRESSIVE;
				CLANG_CXX_LANGUAGE_STANDARD = "gnu++20";
				CLANG_ENABLE_MODULES = YES;
				CLANG_ENABLE_OBJC_ARC = YES;
				CLANG_ENABLE_OBJC_WEAK = YES;
				CLANG_WARN_BLOCK_CAPTURE_AUTORELEASING = YES;
				CLANG_WARN_BOOL_CONVERSION = YES;
				CLANG_WARN_COMMA = YES;
				CLANG_WARN_CONSTANT_CONVERSION = YES;
				CLANG_WARN_DEPRECATED_OBJC_IMPLEMENTATIONS = YES;
				CLANG_WARN_DIRECT_OBJC_ISA_USAGE = YES_ERROR;
				CLANG_WARN_DOCUMENTATION_COMMENTS = YES;
				CLANG_WARN_EMPTY_BODY = YES;
				CLANG_WARN_ENUM_CONVERSION = YES;
				CLANG_WARN_INFINITE_RECURSION = YES;
				CLANG_WARN_INT_CONVERSION = YES;
				CLANG_WARN_NON_LITERAL_NULL_CONVERSION = YES;
				CLANG_WARN_OBJC_IMPLICIT_RETAIN_SELF = YES;
				CLANG_WARN_OBJC_LITERAL_CONVERSION = YES;
				CLANG_WARN_OBJC_ROOT_CLASS = YES_ERROR;
				CLANG_WARN_QUOTED_INCLUDE_IN_FRAMEWORK_HEADER = YES;
				CLANG_WARN_RANGE_LOOP_ANALYSIS = YES;
				CLANG_WARN_STRICT_PROTOTYPES = YES;
				CLANG_WARN_SUSPICIOUS_MOVE = YES;
				CLANG_WARN_UNGUARDED_AVAILABILITY = YES_AGGRESSIVE;
				CLANG_WARN_UNREACHABLE_CODE = YES;
				CLANG_WARN__DUPLICATE_METHOD_MATCH = YES;
				COPY_PHASE_STRIP = NO;
				DEAD_CODE_STRIPPING = YES;
				DEBUG_INFORMATION_FORMAT = "dwarf-with-dsym";
				DEVELOPMENT_TEAM = LM44T82AHX;
				ENABLE_NS_ASSERTIONS = NO;
				ENABLE_STRICT_OBJC_MSGSEND = YES;
				ENABLE_USER_SCRIPT_SANDBOXING = YES;
				GCC_C_LANGUAGE_STANDARD = gnu17;
				GCC_NO_COMMON_BLOCKS = YES;
				GCC_WARN_64_TO_32_BIT_CONVERSION = YES;
				GCC_WARN_ABOUT_RETURN_TYPE = YES_ERROR;
				GCC_WARN_UNDECLARED_SELECTOR = YES;
				GCC_WARN_UNINITIALIZED_AUTOS = YES_AGGRESSIVE;
				GCC_WARN_UNUSED_FUNCTION = YES;
				GCC_WARN_UNUSED_VARIABLE = YES;
				LOCALIZATION_PREFERS_STRING_CATALOGS = YES;
				MACOSX_DEPLOYMENT_TARGET = 14.5;
				MTL_ENABLE_DEBUG_INFO = NO;
				MTL_FAST_MATH = YES;
				SDKROOT = macosx;
				STRING_CATALOG_GENERATE_SYMBOLS = YES;
				SWIFT_COMPILATION_MODE = wholemodule;
			};
			name = Release;
		};
		2931C4582C8BE2C00074F55D /* Debug */ = {
			isa = XCBuildConfiguration;
			buildSettings = {
				ASSETCATALOG_COMPILER_APPICON_NAME = AppIcon;
				ASSETCATALOG_COMPILER_GLOBAL_ACCENT_COLOR_NAME = AccentColor;
				ASSETCATALOG_COMPILER_INCLUDE_ALL_APPICON_ASSETS = NO;
				AUTOMATION_APPLE_EVENTS = YES;
				CODE_SIGN_ENTITLEMENTS = "The Shy Dock/The Shy Dock.entitlements";
				"CODE_SIGN_IDENTITY[sdk=macosx*]" = "Apple Development";
				CODE_SIGN_STYLE = Automatic;
				COMBINE_HIDPI_IMAGES = YES;
				CURRENT_PROJECT_VERSION = 4;
				DEAD_CODE_STRIPPING = YES;
				DEVELOPMENT_ASSET_PATHS = "\"The Shy Dock/Preview Content\"";
				ENABLE_APP_SANDBOX = YES;
				ENABLE_HARDENED_RUNTIME = YES;
				ENABLE_PREVIEWS = YES;
				GENERATE_INFOPLIST_FILE = YES;
				INFOPLIST_FILE = "The Shy Dock/Info.plist";
				INFOPLIST_KEY_CFBundleDisplayName = "The Shy Dock";
				INFOPLIST_KEY_LSApplicationCategoryType = "public.app-category.productivity";
				INFOPLIST_KEY_LSUIElement = YES;
				INFOPLIST_KEY_NSAppleEventsUsageDescription = "This app needs to automate Dock autohide via System Events.";
				INFOPLIST_KEY_NSHumanReadableCopyright = "Copyright © 2026 Vova. All rights reserved.";
				LD_RUNPATH_SEARCH_PATHS = (
					"$(inherited)",
					"@executable_path/../Frameworks",
				);
				MARKETING_VERSION = 1.0;
				PRODUCT_BUNDLE_IDENTIFIER = com.vovawed.TheShyDock;
				PRODUCT_NAME = "$(TARGET_NAME)";
				SWIFT_EMIT_LOC_STRINGS = YES;
				SWIFT_VERSION = 5.0;
			};
			name = Debug;
		};
		2931C4592C8BE2C00074F55D /* Release */ = {
			isa = XCBuildConfiguration;
			buildSettings = {
				ASSETCATALOG_COMPILER_APPICON_NAME = AppIcon;
				ASSETCATALOG_COMPILER_GLOBAL_ACCENT_COLOR_NAME = AccentColor;
				ASSETCATALOG_COMPILER_INCLUDE_ALL_APPICON_ASSETS = NO;
				AUTOMATION_APPLE_EVENTS = YES;
				CODE_SIGN_ENTITLEMENTS = "The Shy Dock/The Shy Dock.entitlements";
				"CODE_SIGN_IDENTITY[sdk=macosx*]" = "Apple Development";
				CODE_SIGN_STYLE = Automatic;
				COMBINE_HIDPI_IMAGES = YES;
				CURRENT_PROJECT_VERSION = 4;
				DEAD_CODE_STRIPPING = YES;
				DEVELOPMENT_ASSET_PATHS = "\"The Shy Dock/Preview Content\"";
				ENABLE_APP_SANDBOX = YES;
				ENABLE_HARDENED_RUNTIME = YES;
				ENABLE_PREVIEWS = YES;
				GENERATE_INFOPLIST_FILE = YES;
				INFOPLIST_FILE = "The Shy Dock/Info.plist";
				INFOPLIST_KEY_CFBundleDisplayName = "The Shy Dock";
				INFOPLIST_KEY_LSApplicationCategoryType = "public.app-category.productivity";
				INFOPLIST_KEY_LSUIElement = YES;
				INFOPLIST_KEY_NSAppleEventsUsageDescription = "This app needs to automate Dock autohide via System Events.";
				INFOPLIST_KEY_NSHumanReadableCopyright = "Copyright © 2026 Vova. All rights reserved.";
				LD_RUNPATH_SEARCH_PATHS = (
					"$(inherited)",
					"@executable_path/../Frameworks",
				);
				MARKETING_VERSION = 1.0;
				PRODUCT_BUNDLE_IDENTIFIER = com.vovawed.TheShyDock;
				PRODUCT_NAME = "$(TARGET_NAME)";
				SWIFT_EMIT_LOC_STRINGS = YES;
				SWIFT_VERSION = 5.0;
			};
			name = Release;
		};
/* End XCBuildConfiguration section */

/* Begin XCConfigurationList section */
		2931C4432C8BE2BE0074F55D /* Build configuration list for PBXProject "The Shy Dock" */ = {
			isa = XCConfigurationList;
			buildConfigurations = (
				2931C4552C8BE2C00074F55D /* Debug */,
				2931C4562C8BE2C00074F55D /* Release */,
			);
			defaultConfigurationIsVisible = 0;
			defaultConfigurationName = Release;
		};
		2931C4572C8BE2C00074F55D /* Build configuration list for PBXNativeTarget "The Shy Dock" */ = {
			isa = XCConfigurationList;
			buildConfigurations = (
				2931C4582C8BE2C00074F55D /* Debug */,
				2931C4592C8BE2C00074F55D /* Release */,
			);
			defaultConfigurationIsVisible = 0;
			defaultConfigurationName = Release;
		};
/* End XCConfigurationList section */
	};
	rootObject = 2931C4402C8BE2BE0074F55D /* Project object */;
}
